
Microsoft Visual Studio Solution File, Format Version 12.00
# Visual Studio Version 16
VisualStudioVersion = 16.0.32002.261
MinimumVisualStudioVersion = 10.0.40219.1
Project("{FAE04EC0-301F-11D3-BF4B-00C04F79EFBC}") = "YourChores.Server", "YourChores.Server\YourChores.Server.csproj", "{97970A8F-F1E4-47F5-B8FC-9544866C8068}"
EndProject
Global
	GlobalSection(SolutionConfigurationPlatforms) = preSolution
		Debug|Any CPU = Debug|Any CPU
		Release|Any CPU = Release|Any CPU
	EndGlobalSection
	GlobalSection(ProjectConfigurationPlatforms) = postSolution
		{97970A8F-F1E4-47F5-B8FC-9544866C8068}.Debug|Any CPU.ActiveCfg = Debug|Any CPU
		{97970A8F-F1E4-47F5-B8FC-9544866C8068}.Debug|Any CPU.Build.0 = Debug|Any CPU
		{97970A8F-F1E4-47F5-B8FC-9544866C8068}.Release|Any CPU.ActiveCfg = Release|Any CPU
		{97970A8F-F1E4-47F5-B8FC-9544866C8068}.Release|Any CPU.Build.0 = Release|Any CPU
	EndGlobalSection
	GlobalSection(SolutionProperties) = preSolution
		HideSolutionNode = FALSE
	EndGlobalSection
	GlobalSection(ExtensibilityGlobals) = postSolution
		SolutionGuid = {233F9A58-585D-488E-B63F-D7600D5EDA40}
	EndGlobalSection
EndGlobal
